
Microsoft Visual Studio Solution File, Format Version 12.00
# Visual Studio 14
VisualStudioVersion = 14.0.25123.0
MinimumVisualStudioVersion = 10.0.40219.1
Project("{FAE04EC0-301F-11D3-BF4B-00C04F79EFBC}") = "AcmeDriver", "AcmeDriver\AcmeDriver.csproj", "{BBF21F51-828F-4CD4-BC87-738D3C0A626B}"
EndProject
Global
	GlobalSection(SolutionConfigurationPlatforms) = preSolution
		Debug|Any CPU = Debug|Any CPU
		Release|Any CPU = Release|Any CPU
	EndGlobalSection
	GlobalSection(ProjectConfigurationPlatforms) = postSolution
		{BBF21F51-828F-4CD4-BC87-738D3C0A626B}.Debug|Any CPU.ActiveCfg = Debug|Any CPU
		{BBF21F51-828F-4CD4-BC87-738D3C0A626B}.Debug|Any CPU.Build.0 = Debug|Any CPU
		{BBF21F51-828F-4CD4-BC87-738D3C0A626B}.Release|Any CPU.ActiveCfg = Release|Any CPU
		{BBF21F51-828F-4CD4-BC87-738D3C0A626B}.Release|Any CPU.Build.0 = Release|Any CPU
	EndGlobalSection
	GlobalSection(SolutionProperties) = preSolution
		HideSolutionNode = FALSE
	EndGlobalSection
EndGlobal
